
Microsoft Visual Studio Solution File, Format Version 12.00
# Visual Studio Version 17
VisualStudioVersion = 17.5.002.0
MinimumVisualStudioVersion = 10.0.40219.1
Project("{9A19103F-16F7-4668-BE54-9A1E7A4F7556}") = "LSC.OnlineCourse.API", "LSC.OnlineCourse.API\LSC.OnlineCourse.API.csproj", "{826BB4F7-7F7C-4737-960A-6BCF35CB6967}"
EndProject
Project("{FAE04EC0-301F-11D3-BF4B-00C04F79EFBC}") = "LSC.OnlineCourse.Core", "LSC.OnlineCourse.Core\LSC.OnlineCourse.Core.csproj", "{81F7F349-4D1B-457B-996E-CAAB6B5321E9}"
EndProject
Project("{FAE04EC0-301F-11D3-BF4B-00C04F79EFBC}") = "LSC.OnlineCourse.Data", "LSC.OnlineCourse.Data\LSC.OnlineCourse.Data.csproj", "{9C5CC22F-3ECA-483D-8BCB-3E1E88FE9F46}"
EndProject
Project("{FAE04EC0-301F-11D3-BF4B-00C04F79EFBC}") = "LSC.OnlineCourse.Service", "LSC.OnlineCourse.Service\LSC.OnlineCourse.Service.csproj", "{A584027F-A7A6-4497-98C3-0A970335C37F}"
EndProject
Global
	GlobalSection(SolutionConfigurationPlatforms) = preSolution
		Debug|Any CPU = Debug|Any CPU
		Release|Any CPU = Release|Any CPU
	EndGlobalSection
	GlobalSection(ProjectConfigurationPlatforms) = postSolution
		{826BB4F7-7F7C-4737-960A-6BCF35CB6967}.Debug|Any CPU.ActiveCfg = Debug|Any CPU
		{826BB4F7-7F7C-4737-960A-6BCF35CB6967}.Debug|Any CPU.Build.0 = Debug|Any CPU
		{826BB4F7-7F7C-4737-960A-6BCF35CB6967}.Release|Any CPU.ActiveCfg = Release|Any CPU
		{826BB4F7-7F7C-4737-960A-6BCF35CB6967}.Release|Any CPU.Build.0 = Release|Any CPU
		{81F7F349-4D1B-457B-996E-CAAB6B5321E9}.Debug|Any CPU.ActiveCfg = Debug|Any CPU
		{81F7F349-4D1B-457B-996E-CAAB6B5321E9}.Debug|Any CPU.Build.0 = Debug|Any CPU
		{81F7F349-4D1B-457B-996E-CAAB6B5321E9}.Release|Any CPU.ActiveCfg = Release|Any CPU
		{81F7F349-4D1B-457B-996E-CAAB6B5321E9}.Release|Any CPU.Build.0 = Release|Any CPU
		{9C5CC22F-3ECA-483D-8BCB-3E1E88FE9F46}.Debug|Any CPU.ActiveCfg = Debug|Any CPU
		{9C5CC22F-3ECA-483D-8BCB-3E1E88FE9F46}.Debug|Any CPU.Build.0 = Debug|Any CPU
		{9C5CC22F-3ECA-483D-8BCB-3E1E88FE9F46}.Release|Any CPU.ActiveCfg = Release|Any CPU
		{9C5CC22F-3ECA-483D-8BCB-3E1E88FE9F46}.Release|Any CPU.Build.0 = Release|Any CPU
		{A584027F-A7A6-4497-98C3-0A970335C37F}.Debug|Any CPU.ActiveCfg = Debug|Any CPU
		{A584027F-A7A6-4497-98C3-0A970335C37F}.Debug|Any CPU.Build.0 = Debug|Any CPU
		{A584027F-A7A6-4497-98C3-0A970335C37F}.Release|Any CPU.ActiveCfg = Release|Any CPU
		{A584027F-A7A6-4497-98C3-0A970335C37F}.Release|Any CPU.Build.0 = Release|Any CPU
	EndGlobalSection
	GlobalSection(SolutionProperties) = preSolution
		HideSolutionNode = FALSE
	EndGlobalSection
	GlobalSection(ExtensibilityGlobals) = postSolution
		SolutionGuid = {941BE9E4-F709-45A5-982B-01A52D4C43F2}
	EndGlobalSection
EndGlobal
